
Microsoft Visual Studio Solution File, Format Version 12.00
# Visual Studio Version 17
VisualStudioVersion = 17.0.31903.59
MinimumVisualStudioVersion = 10.0.40219.1
Project("{2150E333-8FDC-42A3-9474-1A3956D46DE8}") = "src", "src", "{827E0CD3-B72D-47B6-A68D-7590B98EB39B}"
EndProject
Project("{FAE04EC0-301F-11D3-BF4B-00C04F79EFBC}") = "HardwareShopPro.Core", "src\HardwareShopPro.Core\HardwareShopPro.Core.csproj", "{6A4CD5BC-BFB9-44D4-82F5-81947AA29D8A}"
EndProject
Project("{FAE04EC0-301F-11D3-BF4B-00C04F79EFBC}") = "HardwareShopPro.Data", "src\HardwareShopPro.Data\HardwareShopPro.Data.csproj", "{59B36250-97D5-4E03-AE2F-8343F724E788}"
EndProject
Project("{FAE04EC0-301F-11D3-BF4B-00C04F79EFBC}") = "HardwareShopPro.AI", "src\HardwareShopPro.AI\HardwareShopPro.AI.csproj", "{2DD85379-AC17-4A99-B686-F858EC6041DC}"
EndProject
Project("{FAE04EC0-301F-11D3-BF4B-00C04F79EFBC}") = "HardwareShopPro.UI", "src\HardwareShopPro.UI\HardwareShopPro.UI.csproj", "{B4DB48ED-3CAD-46F4-8E0A-9B4D929A49BA}"
EndProject
Global
	GlobalSection(SolutionConfigurationPlatforms) = preSolution
		Debug|Any CPU = Debug|Any CPU
		Debug|x64 = Debug|x64
		Debug|x86 = Debug|x86
		Release|Any CPU = Release|Any CPU
		Release|x64 = Release|x64
		Release|x86 = Release|x86
	EndGlobalSection
	GlobalSection(ProjectConfigurationPlatforms) = postSolution
		{6A4CD5BC-BFB9-44D4-82F5-81947AA29D8A}.Debug|Any CPU.ActiveCfg = Debug|Any CPU
		{6A4CD5BC-BFB9-44D4-82F5-81947AA29D8A}.Debug|Any CPU.Build.0 = Debug|Any CPU
		{6A4CD5BC-BFB9-44D4-82F5-81947AA29D8A}.Debug|x64.ActiveCfg = Debug|Any CPU
		{6A4CD5BC-BFB9-44D4-82F5-81947AA29D8A}.Debug|x64.Build.0 = Debug|Any CPU
		{6A4CD5BC-BFB9-44D4-82F5-81947AA29D8A}.Debug|x86.ActiveCfg = Debug|Any CPU
		{6A4CD5BC-BFB9-44D4-82F5-81947AA29D8A}.Debug|x86.Build.0 = Debug|Any CPU
		{6A4CD5BC-BFB9-44D4-82F5-81947AA29D8A}.Release|Any CPU.ActiveCfg = Release|Any CPU
		{6A4CD5BC-BFB9-44D4-82F5-81947AA29D8A}.Release|Any CPU.Build.0 = Release|Any CPU
		{6A4CD5BC-BFB9-44D4-82F5-81947AA29D8A}.Release|x64.ActiveCfg = Release|Any CPU
		{6A4CD5BC-BFB9-44D4-82F5-81947AA29D8A}.Release|x64.Build.0 = Release|Any CPU
		{6A4CD5BC-BFB9-44D4-82F5-81947AA29D8A}.Release|x86.ActiveCfg = Release|Any CPU
		{6A4CD5BC-BFB9-44D4-82F5-81947AA29D8A}.Release|x86.Build.0 = Release|Any CPU
		{59B36250-97D5-4E03-AE2F-8343F724E788}.Debug|Any CPU.ActiveCfg = Debug|Any CPU
		{59B36250-97D5-4E03-AE2F-8343F724E788}.Debug|Any CPU.Build.0 = Debug|Any CPU
		{59B36250-97D5-4E03-AE2F-8343F724E788}.Debug|x64.ActiveCfg = Debug|Any CPU
		{59B36250-97D5-4E03-AE2F-8343F724E788}.Debug|x64.Build.0 = Debug|Any CPU
		{59B36250-97D5-4E03-AE2F-8343F724E788}.Debug|x86.ActiveCfg = Debug|Any CPU
		{59B36250-97D5-4E03-AE2F-8343F724E788}.Debug|x86.Build.0 = Debug|Any CPU
		{59B36250-97D5-4E03-AE2F-8343F724E788}.Release|Any CPU.ActiveCfg = Release|Any CPU
		{59B36250-97D5-4E03-AE2F-8343F724E788}.Release|Any CPU.Build.0 = Release|Any CPU
		{59B36250-97D5-4E03-AE2F-8343F724E788}.Release|x64.ActiveCfg = Release|Any CPU
		{59B36250-97D5-4E03-AE2F-8343F724E788}.Release|x64.Build.0 = Release|Any CPU
		{59B36250-97D5-4E03-AE2F-8343F724E788}.Release|x86.ActiveCfg = Release|Any CPU
		{59B36250-97D5-4E03-AE2F-8343F724E788}.Release|x86.Build.0 = Release|Any CPU
		{2DD85379-AC17-4A99-B686-F858EC6041DC}.Debug|Any CPU.ActiveCfg = Debug|Any CPU
		{2DD85379-AC17-4A99-B686-F858EC6041DC}.Debug|Any CPU.Build.0 = Debug|Any CPU
		{2DD85379-AC17-4A99-B686-F858EC6041DC}.Debug|x64.ActiveCfg = Debug|Any CPU
		{2DD85379-AC17-4A99-B686-F858EC6041DC}.Debug|x64.Build.0 = Debug|Any CPU
		{2DD85379-AC17-4A99-B686-F858EC6041DC}.Debug|x86.ActiveCfg = Debug|Any CPU
		{2DD85379-AC17-4A99-B686-F858EC6041DC}.Debug|x86.Build.0 = Debug|Any CPU
		{2DD85379-AC17-4A99-B686-F858EC6041DC}.Release|Any CPU.ActiveCfg = Release|Any CPU
		{2DD85379-AC17-4A99-B686-F858EC6041DC}.Release|Any CPU.Build.0 = Release|Any CPU
		{2DD85379-AC17-4A99-B686-F858EC6041DC}.Release|x64.ActiveCfg = Release|Any CPU
		{2DD85379-AC17-4A99-B686-F858EC6041DC}.Release|x64.Build.0 = Release|Any CPU
		{2DD85379-AC17-4A99-B686-F858EC6041DC}.Release|x86.ActiveCfg = Release|Any CPU
		{2DD85379-AC17-4A99-B686-F858EC6041DC}.Release|x86.Build.0 = Release|Any CPU
		{B4DB48ED-3CAD-46F4-8E0A-9B4D929A49BA}.Debug|Any CPU.ActiveCfg = Debug|Any CPU
		{B4DB48ED-3CAD-46F4-8E0A-9B4D929A49BA}.Debug|Any CPU.Build.0 = Debug|Any CPU
		{B4DB48ED-3CAD-46F4-8E0A-9B4D929A49BA}.Debug|x64.ActiveCfg = Debug|Any CPU
		{B4DB48ED-3CAD-46F4-8E0A-9B4D929A49BA}.Debug|x64.Build.0 = Debug|Any CPU
		{B4DB48ED-3CAD-46F4-8E0A-9B4D929A49BA}.Debug|x86.ActiveCfg = Debug|Any CPU
		{B4DB48ED-3CAD-46F4-8E0A-9B4D929A49BA}.Debug|x86.Build.0 = Debug|Any CPU
		{B4DB48ED-3CAD-46F4-8E0A-9B4D929A49BA}.Release|Any CPU.ActiveCfg = Release|Any CPU
		{B4DB48ED-3CAD-46F4-8E0A-9B4D929A49BA}.Release|Any CPU.Build.0 = Release|Any CPU
		{B4DB48ED-3CAD-46F4-8E0A-9B4D929A49BA}.Release|x64.ActiveCfg = Release|Any CPU
		{B4DB48ED-3CAD-46F4-8E0A-9B4D929A49BA}.Release|x64.Build.0 = Release|Any CPU
		{B4DB48ED-3CAD-46F4-8E0A-9B4D929A49BA}.Release|x86.ActiveCfg = Release|Any CPU
		{B4DB48ED-3CAD-46F4-8E0A-9B4D929A49BA}.Release|x86.Build.0 = Release|Any CPU
	EndGlobalSection
	GlobalSection(SolutionProperties) = preSolution
		HideSolutionNode = FALSE
	EndGlobalSection
	GlobalSection(NestedProjects) = preSolution
		{6A4CD5BC-BFB9-44D4-82F5-81947AA29D8A} = {827E0CD3-B72D-47B6-A68D-7590B98EB39B}
		{59B36250-97D5-4E03-AE2F-8343F724E788} = {827E0CD3-B72D-47B6-A68D-7590B98EB39B}
		{2DD85379-AC17-4A99-B686-F858EC6041DC} = {827E0CD3-B72D-47B6-A68D-7590B98EB39B}
		{B4DB48ED-3CAD-46F4-8E0A-9B4D929A49BA} = {827E0CD3-B72D-47B6-A68D-7590B98EB39B}
	EndGlobalSection
EndGlobal
